// !$*UTF8*$!
{
	archiveVersion = 1;
	classes = {
	};
	objectVersion = 56;
	objects = {

/* Begin PBXBuildFile section */
		EFB7A082293A0C5000C5DFA9 /* AppDelegate.swift in Sources */ = {isa = PBXBuildFile; fileRef = EFB7A081293A0C5000C5DFA9 /* AppDelegate.swift */; };
		EFB7A084293A0C5000C5DFA9 /* DocumentBrowserViewController.swift in Sources */ = {isa = PBXBuildFile; fileRef = EFB7A083293A0C5000C5DFA9 /* DocumentBrowserViewController.swift */; };
		EFB7A086293A0C5000C5DFA9 /* DocumentViewController.swift in Sources */ = {isa = PBXBuildFile; fileRef = EFB7A085293A0C5000C5DFA9 /* DocumentViewController.swift */; };
		EFB7A088293A0C5000C5DFA9 /* Document.swift in Sources */ = {isa = PBXBuildFile; fileRef = EFB7A087293A0C5000C5DFA9 /* Document.swift */; };
		EFB7A08B293A0C5000C5DFA9 /* Main.storyboard in Resources */ = {isa = PBXBuildFile; fileRef = EFB7A089293A0C5000C5DFA9 /* Main.storyboard */; };
		EFB7A08D293A0C5200C5DFA9 /* Assets.xcassets in Resources */ = {isa = PBXBuildFile; fileRef = EFB7A08C293A0C5200C5DFA9 /* Assets.xcassets */; };
		EFB7A090293A0C5200C5DFA9 /* LaunchScreen.storyboard in Resources */ = {isa = PBXBuildFile; fileRef = EFB7A08E293A0C5200C5DFA9 /* LaunchScreen.storyboard */; };
		EFB7A09B293A0C5200C5DFA9 /* PhotoFaceSampleTests.swift in Sources */ = {isa = PBXBuildFile; fileRef = EFB7A09A293A0C5200C5DFA9 /* PhotoFaceSampleTests.swift */; };
		EFB7A0A5293A0C5200C5DFA9 /* PhotoFaceSampleUITests.swift in Sources */ = {isa = PBXBuildFile; fileRef = EFB7A0A4293A0C5200C5DFA9 /* PhotoFaceSampleUITests.swift */; };
		EFB7A0A7293A0C5200C5DFA9 /* PhotoFaceSampleUITestsLaunchTests.swift in Sources */ = {isa = PBXBuildFile; fileRef = EFB7A0A6293A0C5200C5DFA9 /* PhotoFaceSampleUITestsLaunchTests.swift */; };
		EFB7A0B7293A0CB100C5DFA9 /* LoginView.swift in Sources */ = {isa = PBXBuildFile; fileRef = EFB7A0B6293A0CB100C5DFA9 /* LoginView.swift */; };
		EFB7A0B9293A0CBB00C5DFA9 /* LoginViewController.swift in Sources */ = {isa = PBXBuildFile; fileRef = EFB7A0B8293A0CBB00C5DFA9 /* LoginViewController.swift */; };
		EFB7A0BB293A0CC200C5DFA9 /* LoginViewModel.swift in Sources */ = {isa = PBXBuildFile; fileRef = EFB7A0BA293A0CC200C5DFA9 /* LoginViewModel.swift */; };
		EFB7A0C0293A0D5000C5DFA9 /* BaseView.swift in Sources */ = {isa = PBXBuildFile; fileRef = EFB7A0BF293A0D5000C5DFA9 /* BaseView.swift */; };
		EFB7A0C2293A0D5F00C5DFA9 /* BaseViewController.swift in Sources */ = {isa = PBXBuildFile; fileRef = EFB7A0C1293A0D5F00C5DFA9 /* BaseViewController.swift */; };
		EFB7A0C5293A128300C5DFA9 /* MainButton.swift in Sources */ = {isa = PBXBuildFile; fileRef = EFB7A0C4293A128300C5DFA9 /* MainButton.swift */; };
		EFB7A0C7293A12B800C5DFA9 /* MainTextInput.swift in Sources */ = {isa = PBXBuildFile; fileRef = EFB7A0C6293A12B800C5DFA9 /* MainTextInput.swift */; };
		EFB7A0C9293A12DE00C5DFA9 /* DescriptionLabel.swift in Sources */ = {isa = PBXBuildFile; fileRef = EFB7A0C8293A12DE00C5DFA9 /* DescriptionLabel.swift */; };
		EFB7A0CC293A244500C5DFA9 /* StatusView.swift in Sources */ = {isa = PBXBuildFile; fileRef = EFB7A0CB293A244500C5DFA9 /* StatusView.swift */; };
		EFB7A0CE293A245C00C5DFA9 /* StatusViewController.swift in Sources */ = {isa = PBXBuildFile; fileRef = EFB7A0CD293A245C00C5DFA9 /* StatusViewController.swift */; };
		EFB7A0D0293A248D00C5DFA9 /* StatusViewModel.swift in Sources */ = {isa = PBXBuildFile; fileRef = EFB7A0CF293A248C00C5DFA9 /* StatusViewModel.swift */; };
		EFB7A0D3293A315A00C5DFA9 /* LocalizableStrings.swift in Sources */ = {isa = PBXBuildFile; fileRef = EFB7A0D2293A315A00C5DFA9 /* LocalizableStrings.swift */; };
		EFB7A0D5293A396100C5DFA9 /* LoginModel.swift in Sources */ = {isa = PBXBuildFile; fileRef = EFB7A0D4293A396100C5DFA9 /* LoginModel.swift */; };
		EFB7A0D7293A396A00C5DFA9 /* StatusModel.swift in Sources */ = {isa = PBXBuildFile; fileRef = EFB7A0D6293A396A00C5DFA9 /* StatusModel.swift */; };
		EFB7A0D9293A506300C5DFA9 /* ServerError.swift in Sources */ = {isa = PBXBuildFile; fileRef = EFB7A0D8293A506300C5DFA9 /* ServerError.swift */; };
		EFB7A0DB293A508400C5DFA9 /* Response.swift in Sources */ = {isa = PBXBuildFile; fileRef = EFB7A0DA293A508400C5DFA9 /* Response.swift */; };
		EFB7A0DD293A6C6700C5DFA9 /* PhotoFaceRouter.swift in Sources */ = {isa = PBXBuildFile; fileRef = EFB7A0DC293A6C6700C5DFA9 /* PhotoFaceRouter.swift */; };
		EFB7A0DF293A70AC00C5DFA9 /* Request.swift in Sources */ = {isa = PBXBuildFile; fileRef = EFB7A0DE293A70AC00C5DFA9 /* Request.swift */; };
/* End PBXBuildFile section */

/* Begin PBXContainerItemProxy section */
		EFB7A097293A0C5200C5DFA9 /* PBXContainerItemProxy */ = {
			isa = PBXContainerItemProxy;
			containerPortal = EFB7A076293A0C5000C5DFA9 /* Project object */;
			proxyType = 1;
			remoteGlobalIDString = EFB7A07D293A0C5000C5DFA9;
			remoteInfo = PhotoFaceSample;
		};
		EFB7A0A1293A0C5200C5DFA9 /* PBXContainerItemProxy */ = {
			isa = PBXContainerItemProxy;
			containerPortal = EFB7A076293A0C5000C5DFA9 /* Project object */;
			proxyType = 1;
			remoteGlobalIDString = EFB7A07D293A0C5000C5DFA9;
			remoteInfo = PhotoFaceSample;
		};
/* End PBXContainerItemProxy section */

/* Begin PBXFileReference section */
		EFB7A07E293A0C5000C5DFA9 /* PhotoFaceSample.app */ = {isa = PBXFileReference; explicitFileType = wrapper.application; includeInIndex = 0; path = PhotoFaceSample.app; sourceTree = BUILT_PRODUCTS_DIR; };
		EFB7A081293A0C5000C5DFA9 /* AppDelegate.swift */ = {isa = PBXFileReference; lastKnownFileType = sourcecode.swift; path = AppDelegate.swift; sourceTree = "<group>"; };
		EFB7A083293A0C5000C5DFA9 /* DocumentBrowserViewController.swift */ = {isa = PBXFileReference; lastKnownFileType = sourcecode.swift; path = DocumentBrowserViewController.swift; sourceTree = "<group>"; };
		EFB7A085293A0C5000C5DFA9 /* DocumentViewController.swift */ = {isa = PBXFileReference; lastKnownFileType = sourcecode.swift; path = DocumentViewController.swift; sourceTree = "<group>"; };
		EFB7A087293A0C5000C5DFA9 /* Document.swift */ = {isa = PBXFileReference; lastKnownFileType = sourcecode.swift; path = Document.swift; sourceTree = "<group>"; };
		EFB7A08A293A0C5000C5DFA9 /* Base */ = {isa = PBXFileReference; lastKnownFileType = file.storyboard; name = Base; path = Base.lproj/Main.storyboard; sourceTree = "<group>"; };
		EFB7A08C293A0C5200C5DFA9 /* Assets.xcassets */ = {isa = PBXFileReference; lastKnownFileType = folder.assetcatalog; path = Assets.xcassets; sourceTree = "<group>"; };
		EFB7A08F293A0C5200C5DFA9 /* Base */ = {isa = PBXFileReference; lastKnownFileType = file.storyboard; name = Base; path = Base.lproj/LaunchScreen.storyboard; sourceTree = "<group>"; };
		EFB7A091293A0C5200C5DFA9 /* Info.plist */ = {isa = PBXFileReference; lastKnownFileType = text.plist.xml; path = Info.plist; sourceTree = "<group>"; };
		EFB7A096293A0C5200C5DFA9 /* PhotoFaceSampleTests.xctest */ = {isa = PBXFileReference; explicitFileType = wrapper.cfbundle; includeInIndex = 0; path = PhotoFaceSampleTests.xctest; sourceTree = BUILT_PRODUCTS_DIR; };
		EFB7A09A293A0C5200C5DFA9 /* PhotoFaceSampleTests.swift */ = {isa = PBXFileReference; lastKnownFileType = sourcecode.swift; path = PhotoFaceSampleTests.swift; sourceTree = "<group>"; };
		EFB7A0A0293A0C5200C5DFA9 /* PhotoFaceSampleUITests.xctest */ = {isa = PBXFileReference; explicitFileType = wrapper.cfbundle; includeInIndex = 0; path = PhotoFaceSampleUITests.xctest; sourceTree = BUILT_PRODUCTS_DIR; };
		EFB7A0A4293A0C5200C5DFA9 /* PhotoFaceSampleUITests.swift */ = {isa = PBXFileReference; lastKnownFileType = sourcecode.swift; path = PhotoFaceSampleUITests.swift; sourceTree = "<group>"; };
		EFB7A0A6293A0C5200C5DFA9 /* PhotoFaceSampleUITestsLaunchTests.swift */ = {isa = PBXFileReference; lastKnownFileType = sourcecode.swift; path = PhotoFaceSampleUITestsLaunchTests.swift; sourceTree = "<group>"; };
		EFB7A0B6293A0CB100C5DFA9 /* LoginView.swift */ = {isa = PBXFileReference; lastKnownFileType = sourcecode.swift; path = LoginView.swift; sourceTree = "<group>"; };
		EFB7A0B8293A0CBB00C5DFA9 /* LoginViewController.swift */ = {isa = PBXFileReference; lastKnownFileType = sourcecode.swift; path = LoginViewController.swift; sourceTree = "<group>"; };
		EFB7A0BA293A0CC200C5DFA9 /* LoginViewModel.swift */ = {isa = PBXFileReference; lastKnownFileType = sourcecode.swift; path = LoginViewModel.swift; sourceTree = "<group>"; };
		EFB7A0BF293A0D5000C5DFA9 /* BaseView.swift */ = {isa = PBXFileReference; lastKnownFileType = sourcecode.swift; path = BaseView.swift; sourceTree = "<group>"; };
		EFB7A0C1293A0D5F00C5DFA9 /* BaseViewController.swift */ = {isa = PBXFileReference; lastKnownFileType = sourcecode.swift; path = BaseViewController.swift; sourceTree = "<group>"; };
		EFB7A0C4293A128300C5DFA9 /* MainButton.swift */ = {isa = PBXFileReference; lastKnownFileType = sourcecode.swift; path = MainButton.swift; sourceTree = "<group>"; };
		EFB7A0C6293A12B800C5DFA9 /* MainTextInput.swift */ = {isa = PBXFileReference; lastKnownFileType = sourcecode.swift; path = MainTextInput.swift; sourceTree = "<group>"; };
		EFB7A0C8293A12DE00C5DFA9 /* DescriptionLabel.swift */ = {isa = PBXFileReference; lastKnownFileType = sourcecode.swift; path = DescriptionLabel.swift; sourceTree = "<group>"; };
		EFB7A0CB293A244500C5DFA9 /* StatusView.swift */ = {isa = PBXFileReference; lastKnownFileType = sourcecode.swift; path = StatusView.swift; sourceTree = "<group>"; };
		EFB7A0CD293A245C00C5DFA9 /* StatusViewController.swift */ = {isa = PBXFileReference; lastKnownFileType = sourcecode.swift; path = StatusViewController.swift; sourceTree = "<group>"; };
		EFB7A0CF293A248C00C5DFA9 /* StatusViewModel.swift */ = {isa = PBXFileReference; lastKnownFileType = sourcecode.swift; path = StatusViewModel.swift; sourceTree = "<group>"; };
		EFB7A0D2293A315A00C5DFA9 /* LocalizableStrings.swift */ = {isa = PBXFileReference; lastKnownFileType = sourcecode.swift; path = LocalizableStrings.swift; sourceTree = "<group>"; };
		EFB7A0D4293A396100C5DFA9 /* LoginModel.swift */ = {isa = PBXFileReference; lastKnownFileType = sourcecode.swift; path = LoginModel.swift; sourceTree = "<group>"; };
		EFB7A0D6293A396A00C5DFA9 /* StatusModel.swift */ = {isa = PBXFileReference; lastKnownFileType = sourcecode.swift; path = StatusModel.swift; sourceTree = "<group>"; };
		EFB7A0D8293A506300C5DFA9 /* ServerError.swift */ = {isa = PBXFileReference; lastKnownFileType = sourcecode.swift; path = ServerError.swift; sourceTree = "<group>"; };
		EFB7A0DA293A508400C5DFA9 /* Response.swift */ = {isa = PBXFileReference; lastKnownFileType = sourcecode.swift; path = Response.swift; sourceTree = "<group>"; };
		EFB7A0DC293A6C6700C5DFA9 /* PhotoFaceRouter.swift */ = {isa = PBXFileReference; lastKnownFileType = sourcecode.swift; path = PhotoFaceRouter.swift; sourceTree = "<group>"; };
		EFB7A0DE293A70AC00C5DFA9 /* Request.swift */ = {isa = PBXFileReference; lastKnownFileType = sourcecode.swift; path = Request.swift; sourceTree = "<group>"; };
/* End PBXFileReference section */

/* Begin PBXFrameworksBuildPhase section */
		EFB7A07B293A0C5000C5DFA9 /* Frameworks */ = {
			isa = PBXFrameworksBuildPhase;
			buildActionMask = 2147483647;
			files = (
			);
			runOnlyForDeploymentPostprocessing = 0;
		};
		EFB7A093293A0C5200C5DFA9 /* Frameworks */ = {
			isa = PBXFrameworksBuildPhase;
			buildActionMask = 2147483647;
			files = (
			);
			runOnlyForDeploymentPostprocessing = 0;
		};
		EFB7A09D293A0C5200C5DFA9 /* Frameworks */ = {
			isa = PBXFrameworksBuildPhase;
			buildActionMask = 2147483647;
			files = (
			);
			runOnlyForDeploymentPostprocessing = 0;
		};
/* End PBXFrameworksBuildPhase section */

/* Begin PBXGroup section */
		EFB7A075293A0C5000C5DFA9 = {
			isa = PBXGroup;
			children = (
				EFB7A080293A0C5000C5DFA9 /* PhotoFaceSample */,
				EFB7A099293A0C5200C5DFA9 /* PhotoFaceSampleTests */,
				EFB7A0A3293A0C5200C5DFA9 /* PhotoFaceSampleUITests */,
				EFB7A07F293A0C5000C5DFA9 /* Products */,
			);
			sourceTree = "<group>";
		};
		EFB7A07F293A0C5000C5DFA9 /* Products */ = {
			isa = PBXGroup;
			children = (
				EFB7A07E293A0C5000C5DFA9 /* PhotoFaceSample.app */,
				EFB7A096293A0C5200C5DFA9 /* PhotoFaceSampleTests.xctest */,
				EFB7A0A0293A0C5200C5DFA9 /* PhotoFaceSampleUITests.xctest */,
			);
			name = Products;
			sourceTree = "<group>";
		};
		EFB7A080293A0C5000C5DFA9 /* PhotoFaceSample */ = {
			isa = PBXGroup;
			children = (
				EFB7A0B3293A0C8500C5DFA9 /* Common */,
				EFB7A0BC293A0CEF00C5DFA9 /* Reusable */,
				EFB7A0D1293A2D2600C5DFA9 /* Networking */,
				EFB7A0B4293A0C9D00C5DFA9 /* Scenes */,
				EFB7A08C293A0C5200C5DFA9 /* Assets.xcassets */,
				EFB7A091293A0C5200C5DFA9 /* Info.plist */,
			);
			path = PhotoFaceSample;
			sourceTree = "<group>";
		};
		EFB7A099293A0C5200C5DFA9 /* PhotoFaceSampleTests */ = {
			isa = PBXGroup;
			children = (
				EFB7A09A293A0C5200C5DFA9 /* PhotoFaceSampleTests.swift */,
			);
			path = PhotoFaceSampleTests;
			sourceTree = "<group>";
		};
		EFB7A0A3293A0C5200C5DFA9 /* PhotoFaceSampleUITests */ = {
			isa = PBXGroup;
			children = (
				EFB7A0A4293A0C5200C5DFA9 /* PhotoFaceSampleUITests.swift */,
				EFB7A0A6293A0C5200C5DFA9 /* PhotoFaceSampleUITestsLaunchTests.swift */,
			);
			path = PhotoFaceSampleUITests;
			sourceTree = "<group>";
		};
		EFB7A0B3293A0C8500C5DFA9 /* Common */ = {
			isa = PBXGroup;
			children = (
				EFB7A081293A0C5000C5DFA9 /* AppDelegate.swift */,
				EFB7A083293A0C5000C5DFA9 /* DocumentBrowserViewController.swift */,
				EFB7A085293A0C5000C5DFA9 /* DocumentViewController.swift */,
				EFB7A087293A0C5000C5DFA9 /* Document.swift */,
				EFB7A089293A0C5000C5DFA9 /* Main.storyboard */,
				EFB7A08E293A0C5200C5DFA9 /* LaunchScreen.storyboard */,
			);
			path = Common;
			sourceTree = "<group>";
		};
		EFB7A0B4293A0C9D00C5DFA9 /* Scenes */ = {
			isa = PBXGroup;
			children = (
				EFB7A0B5293A0CA400C5DFA9 /* Login */,
				EFB7A0CA293A243900C5DFA9 /* Status */,
			);
			path = Scenes;
			sourceTree = "<group>";
		};
		EFB7A0B5293A0CA400C5DFA9 /* Login */ = {
			isa = PBXGroup;
			children = (
				EFB7A0B6293A0CB100C5DFA9 /* LoginView.swift */,
				EFB7A0B8293A0CBB00C5DFA9 /* LoginViewController.swift */,
				EFB7A0BA293A0CC200C5DFA9 /* LoginViewModel.swift */,
				EFB7A0D4293A396100C5DFA9 /* LoginModel.swift */,
			);
			path = Login;
			sourceTree = "<group>";
		};
		EFB7A0BC293A0CEF00C5DFA9 /* Reusable */ = {
			isa = PBXGroup;
			children = (
				EFB7A0C3293A126000C5DFA9 /* Components */,
				EFB7A0BE293A0CFF00C5DFA9 /* Classes */,
				EFB7A0BD293A0CF700C5DFA9 /* Extensions */,
				EFB7A0D2293A315A00C5DFA9 /* LocalizableStrings.swift */,
				EFB7A0DC293A6C6700C5DFA9 /* PhotoFaceRouter.swift */,
			);
			path = Reusable;
			sourceTree = "<group>";
		};
		EFB7A0BD293A0CF700C5DFA9 /* Extensions */ = {
			isa = PBXGroup;
			children = (
			);
			path = Extensions;
			sourceTree = "<group>";
		};
		EFB7A0BE293A0CFF00C5DFA9 /* Classes */ = {
			isa = PBXGroup;
			children = (
				EFB7A0BF293A0D5000C5DFA9 /* BaseView.swift */,
				EFB7A0C1293A0D5F00C5DFA9 /* BaseViewController.swift */,
			);
			path = Classes;
			sourceTree = "<group>";
		};
		EFB7A0C3293A126000C5DFA9 /* Components */ = {
			isa = PBXGroup;
			children = (
				EFB7A0C4293A128300C5DFA9 /* MainButton.swift */,
				EFB7A0C6293A12B800C5DFA9 /* MainTextInput.swift */,
				EFB7A0C8293A12DE00C5DFA9 /* DescriptionLabel.swift */,
			);
			path = Components;
			sourceTree = "<group>";
		};
		EFB7A0CA293A243900C5DFA9 /* Status */ = {
			isa = PBXGroup;
			children = (
				EFB7A0CB293A244500C5DFA9 /* StatusView.swift */,
				EFB7A0CD293A245C00C5DFA9 /* StatusViewController.swift */,
				EFB7A0CF293A248C00C5DFA9 /* StatusViewModel.swift */,
				EFB7A0D6293A396A00C5DFA9 /* StatusModel.swift */,
			);
			path = Status;
			sourceTree = "<group>";
		};
		EFB7A0D1293A2D2600C5DFA9 /* Networking */ = {
			isa = PBXGroup;
			children = (
				EFB7A0D8293A506300C5DFA9 /* ServerError.swift */,
				EFB7A0DE293A70AC00C5DFA9 /* Request.swift */,
				EFB7A0DA293A508400C5DFA9 /* Response.swift */,
			);
			path = Networking;
			sourceTree = "<group>";
		};
/* End PBXGroup section */

/* Begin PBXNativeTarget section */
		EFB7A07D293A0C5000C5DFA9 /* PhotoFaceSample */ = {
			isa = PBXNativeTarget;
			buildConfigurationList = EFB7A0AA293A0C5200C5DFA9 /* Build configuration list for PBXNativeTarget "PhotoFaceSample" */;
			buildPhases = (
				EFB7A07A293A0C5000C5DFA9 /* Sources */,
				EFB7A07B293A0C5000C5DFA9 /* Frameworks */,
				EFB7A07C293A0C5000C5DFA9 /* Resources */,
			);
			buildRules = (
			);
			dependencies = (
			);
			name = PhotoFaceSample;
			productName = PhotoFaceSample;
			productReference = EFB7A07E293A0C5000C5DFA9 /* PhotoFaceSample.app */;
			productType = "com.apple.product-type.application";
		};
		EFB7A095293A0C5200C5DFA9 /* PhotoFaceSampleTests */ = {
			isa = PBXNativeTarget;
			buildConfigurationList = EFB7A0AD293A0C5200C5DFA9 /* Build configuration list for PBXNativeTarget "PhotoFaceSampleTests" */;
			buildPhases = (
				EFB7A092293A0C5200C5DFA9 /* Sources */,
				EFB7A093293A0C5200C5DFA9 /* Frameworks */,
				EFB7A094293A0C5200C5DFA9 /* Resources */,
			);
			buildRules = (
			);
			dependencies = (
				EFB7A098293A0C5200C5DFA9 /* PBXTargetDependency */,
			);
			name = PhotoFaceSampleTests;
			productName = PhotoFaceSampleTests;
			productReference = EFB7A096293A0C5200C5DFA9 /* PhotoFaceSampleTests.xctest */;
			productType = "com.apple.product-type.bundle.unit-test";
		};
		EFB7A09F293A0C5200C5DFA9 /* PhotoFaceSampleUITests */ = {
			isa = PBXNativeTarget;
			buildConfigurationList = EFB7A0B0293A0C5200C5DFA9 /* Build configuration list for PBXNativeTarget "PhotoFaceSampleUITests" */;
			buildPhases = (
				EFB7A09C293A0C5200C5DFA9 /* Sources */,
				EFB7A09D293A0C5200C5DFA9 /* Frameworks */,
				EFB7A09E293A0C5200C5DFA9 /* Resources */,
			);
			buildRules = (
			);
			dependencies = (
				EFB7A0A2293A0C5200C5DFA9 /* PBXTargetDependency */,
			);
			name = PhotoFaceSampleUITests;
			productName = PhotoFaceSampleUITests;
			productReference = EFB7A0A0293A0C5200C5DFA9 /* PhotoFaceSampleUITests.xctest */;
			productType = "com.apple.product-type.bundle.ui-testing";
		};
/* End PBXNativeTarget section */

/* Begin PBXProject section */
		EFB7A076293A0C5000C5DFA9 /* Project object */ = {
			isa = PBXProject;
			attributes = {
				BuildIndependentTargetsInParallel = 1;
				LastSwiftUpdateCheck = 1400;
				LastUpgradeCheck = 1400;
				TargetAttributes = {
					EFB7A07D293A0C5000C5DFA9 = {
						CreatedOnToolsVersion = 14.0.1;
					};
					EFB7A095293A0C5200C5DFA9 = {
						CreatedOnToolsVersion = 14.0.1;
						TestTargetID = EFB7A07D293A0C5000C5DFA9;
					};
					EFB7A09F293A0C5200C5DFA9 = {
						CreatedOnToolsVersion = 14.0.1;
						TestTargetID = EFB7A07D293A0C5000C5DFA9;
					};
				};
			};
			buildConfigurationList = EFB7A079293A0C5000C5DFA9 /* Build configuration list for PBXProject "PhotoFaceSample" */;
			compatibilityVersion = "Xcode 14.0";
			developmentRegion = en;
			hasScannedForEncodings = 0;
			knownRegions = (
				en,
				Base,
			);
			mainGroup = EFB7A075293A0C5000C5DFA9;
			productRefGroup = EFB7A07F293A0C5000C5DFA9 /* Products */;
			projectDirPath = "";
			projectRoot = "";
			targets = (
				EFB7A07D293A0C5000C5DFA9 /* PhotoFaceSample */,
				EFB7A095293A0C5200C5DFA9 /* PhotoFaceSampleTests */,
				EFB7A09F293A0C5200C5DFA9 /* PhotoFaceSampleUITests */,
			);
		};
/* End PBXProject section */

/* Begin PBXResourcesBuildPhase section */
		EFB7A07C293A0C5000C5DFA9 /* Resources */ = {
			isa = PBXResourcesBuildPhase;
			buildActionMask = 2147483647;
			files = (
				EFB7A090293A0C5200C5DFA9 /* LaunchScreen.storyboard in Resources */,
				EFB7A08D293A0C5200C5DFA9 /* Assets.xcassets in Resources */,
				EFB7A08B293A0C5000C5DFA9 /* Main.storyboard in Resources */,
			);
			runOnlyForDeploymentPostprocessing = 0;
		};
		EFB7A094293A0C5200C5DFA9 /* Resources */ = {
			isa = PBXResourcesBuildPhase;
			buildActionMask = 2147483647;
			files = (
			);
			runOnlyForDeploymentPostprocessing = 0;
		};
		EFB7A09E293A0C5200C5DFA9 /* Resources */ = {
			isa = PBXResourcesBuildPhase;
			buildActionMask = 2147483647;
			files = (
			);
			runOnlyForDeploymentPostprocessing = 0;
		};
/* End PBXResourcesBuildPhase section */

/* Begin PBXSourcesBuildPhase section */
		EFB7A07A293A0C5000C5DFA9 /* Sources */ = {
			isa = PBXSourcesBuildPhase;
			buildActionMask = 2147483647;
			files = (
				EFB7A0D3293A315A00C5DFA9 /* LocalizableStrings.swift in Sources */,
				EFB7A0CE293A245C00C5DFA9 /* StatusViewController.swift in Sources */,
				EFB7A0D0293A248D00C5DFA9 /* StatusViewModel.swift in Sources */,
				EFB7A0C7293A12B800C5DFA9 /* MainTextInput.swift in Sources */,
				EFB7A0DB293A508400C5DFA9 /* Response.swift in Sources */,
				EFB7A0CC293A244500C5DFA9 /* StatusView.swift in Sources */,
				EFB7A0B9293A0CBB00C5DFA9 /* LoginViewController.swift in Sources */,
				EFB7A088293A0C5000C5DFA9 /* Document.swift in Sources */,
				EFB7A086293A0C5000C5DFA9 /* DocumentViewController.swift in Sources */,
				EFB7A0D5293A396100C5DFA9 /* LoginModel.swift in Sources */,
				EFB7A0DD293A6C6700C5DFA9 /* PhotoFaceRouter.swift in Sources */,
				EFB7A084293A0C5000C5DFA9 /* DocumentBrowserViewController.swift in Sources */,
				EFB7A0C5293A128300C5DFA9 /* MainButton.swift in Sources */,
				EFB7A0B7293A0CB100C5DFA9 /* LoginView.swift in Sources */,
				EFB7A0C2293A0D5F00C5DFA9 /* BaseViewController.swift in Sources */,
				EFB7A0DF293A70AC00C5DFA9 /* Request.swift in Sources */,
				EFB7A082293A0C5000C5DFA9 /* AppDelegate.swift in Sources */,
				EFB7A0C9293A12DE00C5DFA9 /* DescriptionLabel.swift in Sources */,
				EFB7A0D9293A506300C5DFA9 /* ServerError.swift in Sources */,
				EFB7A0D7293A396A00C5DFA9 /* StatusModel.swift in Sources */,
				EFB7A0BB293A0CC200C5DFA9 /* LoginViewModel.swift in Sources */,
				EFB7A0C0293A0D5000C5DFA9 /* BaseView.swift in Sources */,
			);
			runOnlyForDeploymentPostprocessing = 0;
		};
		EFB7A092293A0C5200C5DFA9 /* Sources */ = {
			isa = PBXSourcesBuildPhase;
			buildActionMask = 2147483647;
			files = (
				EFB7A09B293A0C5200C5DFA9 /* PhotoFaceSampleTests.swift in Sources */,
			);
			runOnlyForDeploymentPostprocessing = 0;
		};
		EFB7A09C293A0C5200C5DFA9 /* Sources */ = {
			isa = PBXSourcesBuildPhase;
			buildActionMask = 2147483647;
			files = (
				EFB7A0A7293A0C5200C5DFA9 /* PhotoFaceSampleUITestsLaunchTests.swift in Sources */,
				EFB7A0A5293A0C5200C5DFA9 /* PhotoFaceSampleUITests.swift in Sources */,
			);
			runOnlyForDeploymentPostprocessing = 0;
		};
/* End PBXSourcesBuildPhase section */

/* Begin PBXTargetDependency section */
		EFB7A098293A0C5200C5DFA9 /* PBXTargetDependency */ = {
			isa = PBXTargetDependency;
			target = EFB7A07D293A0C5000C5DFA9 /* PhotoFaceSample */;
			targetProxy = EFB7A097293A0C5200C5DFA9 /* PBXContainerItemProxy */;
		};
		EFB7A0A2293A0C5200C5DFA9 /* PBXTargetDependency */ = {
			isa = PBXTargetDependency;
			target = EFB7A07D293A0C5000C5DFA9 /* PhotoFaceSample */;
			targetProxy = EFB7A0A1293A0C5200C5DFA9 /* PBXContainerItemProxy */;
		};
/* End PBXTargetDependency section */

/* Begin PBXVariantGroup section */
		EFB7A089293A0C5000C5DFA9 /* Main.storyboard */ = {
			isa = PBXVariantGroup;
			children = (
				EFB7A08A293A0C5000C5DFA9 /* Base */,
			);
			name = Main.storyboard;
			sourceTree = "<group>";
		};
		EFB7A08E293A0C5200C5DFA9 /* LaunchScreen.storyboard */ = {
			isa = PBXVariantGroup;
			children = (
				EFB7A08F293A0C5200C5DFA9 /* Base */,
			);
			name = LaunchScreen.storyboard;
			sourceTree = "<group>";
		};
/* End PBXVariantGroup section */

/* Begin XCBuildConfiguration section */
		EFB7A0A8293A0C5200C5DFA9 /* Debug */ = {
			isa = XCBuildConfiguration;
			buildSettings = {
				ALWAYS_SEARCH_USER_PATHS = NO;
				CLANG_ANALYZER_NONNULL = YES;
				CLANG_ANALYZER_NUMBER_OBJECT_CONVERSION = YES_AGGRESSIVE;
				CLANG_CXX_LANGUAGE_STANDARD = "gnu++20";
				CLANG_ENABLE_MODULES = YES;
				CLANG_ENABLE_OBJC_ARC = YES;
				CLANG_ENABLE_OBJC_WEAK = YES;
				CLANG_WARN_BLOCK_CAPTURE_AUTORELEASING = YES;
				CLANG_WARN_BOOL_CONVERSION = YES;
				CLANG_WARN_COMMA = YES;
				CLANG_WARN_CONSTANT_CONVERSION = YES;
				CLANG_WARN_DEPRECATED_OBJC_IMPLEMENTATIONS = YES;
				CLANG_WARN_DIRECT_OBJC_ISA_USAGE = YES_ERROR;
				CLANG_WARN_DOCUMENTATION_COMMENTS = YES;
				CLANG_WARN_EMPTY_BODY = YES;
				CLANG_WARN_ENUM_CONVERSION = YES;
				CLANG_WARN_INFINITE_RECURSION = YES;
				CLANG_WARN_INT_CONVERSION = YES;
				CLANG_WARN_NON_LITERAL_NULL_CONVERSION = YES;
				CLANG_WARN_OBJC_IMPLICIT_RETAIN_SELF = YES;
				CLANG_WARN_OBJC_LITERAL_CONVERSION = YES;
				CLANG_WARN_OBJC_ROOT_CLASS = YES_ERROR;
				CLANG_WARN_QUOTED_INCLUDE_IN_FRAMEWORK_HEADER = YES;
				CLANG_WARN_RANGE_LOOP_ANALYSIS = YES;
				CLANG_WARN_STRICT_PROTOTYPES = YES;
				CLANG_WARN_SUSPICIOUS_MOVE = YES;
				CLANG_WARN_UNGUARDED_AVAILABILITY = YES_AGGRESSIVE;
				CLANG_WARN_UNREACHABLE_CODE = YES;
				CLANG_WARN__DUPLICATE_METHOD_MATCH = YES;
				COPY_PHASE_STRIP = NO;
				DEBUG_INFORMATION_FORMAT = dwarf;
				ENABLE_STRICT_OBJC_MSGSEND = YES;
				ENABLE_TESTABILITY = YES;
				GCC_C_LANGUAGE_STANDARD = gnu11;
				GCC_DYNAMIC_NO_PIC = NO;
				GCC_NO_COMMON_BLOCKS = YES;
				GCC_OPTIMIZATION_LEVEL = 0;
				GCC_PREPROCESSOR_DEFINITIONS = (
					"DEBUG=1",
					"$(inherited)",
				);
				GCC_WARN_64_TO_32_BIT_CONVERSION = YES;
				GCC_WARN_ABOUT_RETURN_TYPE = YES_ERROR;
				GCC_WARN_UNDECLARED_SELECTOR = YES;
				GCC_WARN_UNINITIALIZED_AUTOS = YES_AGGRESSIVE;
				GCC_WARN_UNUSED_FUNCTION = YES;
				GCC_WARN_UNUSED_VARIABLE = YES;
				IPHONEOS_DEPLOYMENT_TARGET = 16.0;
				MTL_ENABLE_DEBUG_INFO = INCLUDE_SOURCE;
				MTL_FAST_MATH = YES;
				ONLY_ACTIVE_ARCH = YES;
				SDKROOT = iphoneos;
				SWIFT_ACTIVE_COMPILATION_CONDITIONS = DEBUG;
				SWIFT_OPTIMIZATION_LEVEL = "-Onone";
			};
			name = Debug;
		};
		EFB7A0A9293A0C5200C5DFA9 /* Release */ = {
			isa = XCBuildConfiguration;
			buildSettings = {
				ALWAYS_SEARCH_USER_PATHS = NO;
				CLANG_ANALYZER_NONNULL = YES;
				CLANG_ANALYZER_NUMBER_OBJECT_CONVERSION = YES_AGGRESSIVE;
				CLANG_CXX_LANGUAGE_STANDARD = "gnu++20";
				CLANG_ENABLE_MODULES = YES;
				CLANG_ENABLE_OBJC_ARC = YES;
				CLANG_ENABLE_OBJC_WEAK = YES;
				CLANG_WARN_BLOCK_CAPTURE_AUTORELEASING = YES;
				CLANG_WARN_BOOL_CONVERSION = YES;
				CLANG_WARN_COMMA = YES;
				CLANG_WARN_CONSTANT_CONVERSION = YES;
				CLANG_WARN_DEPRECATED_OBJC_IMPLEMENTATIONS = YES;
				CLANG_WARN_DIRECT_OBJC_ISA_USAGE = YES_ERROR;
				CLANG_WARN_DOCUMENTATION_COMMENTS = YES;
				CLANG_WARN_EMPTY_BODY = YES;
				CLANG_WARN_ENUM_CONVERSION = YES;
				CLANG_WARN_INFINITE_RECURSION = YES;
				CLANG_WARN_INT_CONVERSION = YES;
				CLANG_WARN_NON_LITERAL_NULL_CONVERSION = YES;
				CLANG_WARN_OBJC_IMPLICIT_RETAIN_SELF = YES;
				CLANG_WARN_OBJC_LITERAL_CONVERSION = YES;
				CLANG_WARN_OBJC_ROOT_CLASS = YES_ERROR;
				CLANG_WARN_QUOTED_INCLUDE_IN_FRAMEWORK_HEADER = YES;
				CLANG_WARN_RANGE_LOOP_ANALYSIS = YES;
				CLANG_WARN_STRICT_PROTOTYPES = YES;
				CLANG_WARN_SUSPICIOUS_MOVE = YES;
				CLANG_WARN_UNGUARDED_AVAILABILITY = YES_AGGRESSIVE;
				CLANG_WARN_UNREACHABLE_CODE = YES;
				CLANG_WARN__DUPLICATE_METHOD_MATCH = YES;
				COPY_PHASE_STRIP = NO;
				DEBUG_INFORMATION_FORMAT = "dwarf-with-dsym";
				ENABLE_NS_ASSERTIONS = NO;
				ENABLE_STRICT_OBJC_MSGSEND = YES;
				GCC_C_LANGUAGE_STANDARD = gnu11;
				GCC_NO_COMMON_BLOCKS = YES;
				GCC_WARN_64_TO_32_BIT_CONVERSION = YES;
				GCC_WARN_ABOUT_RETURN_TYPE = YES_ERROR;
				GCC_WARN_UNDECLARED_SELECTOR = YES;
				GCC_WARN_UNINITIALIZED_AUTOS = YES_AGGRESSIVE;
				GCC_WARN_UNUSED_FUNCTION = YES;
				GCC_WARN_UNUSED_VARIABLE = YES;
				IPHONEOS_DEPLOYMENT_TARGET = 16.0;
				MTL_ENABLE_DEBUG_INFO = NO;
				MTL_FAST_MATH = YES;
				SDKROOT = iphoneos;
				SWIFT_COMPILATION_MODE = wholemodule;
				SWIFT_OPTIMIZATION_LEVEL = "-O";
				VALIDATE_PRODUCT = YES;
			};
			name = Release;
		};
		EFB7A0AB293A0C5200C5DFA9 /* Debug */ = {
			isa = XCBuildConfiguration;
			buildSettings = {
				ASSETCATALOG_COMPILER_APPICON_NAME = AppIcon;
				ASSETCATALOG_COMPILER_GLOBAL_ACCENT_COLOR_NAME = AccentColor;
				CODE_SIGN_STYLE = Automatic;
				CURRENT_PROJECT_VERSION = 1;
				DEVELOPMENT_TEAM = F48MGZ2AUR;
				GENERATE_INFOPLIST_FILE = YES;
				INFOPLIST_FILE = PhotoFaceSample/Info.plist;
				INFOPLIST_KEY_UIApplicationSupportsIndirectInputEvents = YES;
				INFOPLIST_KEY_UILaunchStoryboardName = LaunchScreen;
				INFOPLIST_KEY_UIMainStoryboardFile = Main;
				INFOPLIST_KEY_UISupportedInterfaceOrientations_iPad = "UIInterfaceOrientationPortrait UIInterfaceOrientationPortraitUpsideDown UIInterfaceOrientationLandscapeLeft UIInterfaceOrientationLandscapeRight";
				INFOPLIST_KEY_UISupportedInterfaceOrientations_iPhone = "UIInterfaceOrientationPortrait UIInterfaceOrientationLandscapeLeft UIInterfaceOrientationLandscapeRight";
				INFOPLIST_KEY_UISupportsDocumentBrowser = YES;
				LD_RUNPATH_SEARCH_PATHS = (
					"$(inherited)",
					"@executable_path/Frameworks",
				);
				MARKETING_VERSION = 1.0;
				PRODUCT_BUNDLE_IDENTIFIER = tcasablancas.PhotoFaceSample;
				PRODUCT_NAME = "$(TARGET_NAME)";
				SWIFT_EMIT_LOC_STRINGS = YES;
				SWIFT_VERSION = 5.0;
				TARGETED_DEVICE_FAMILY = "1,2";
			};
			name = Debug;
		};
		EFB7A0AC293A0C5200C5DFA9 /* Release */ = {
			isa = XCBuildConfiguration;
			buildSettings = {
				ASSETCATALOG_COMPILER_APPICON_NAME = AppIcon;
				ASSETCATALOG_COMPILER_GLOBAL_ACCENT_COLOR_NAME = AccentColor;
				CODE_SIGN_STYLE = Automatic;
				CURRENT_PROJECT_VERSION = 1;
				DEVELOPMENT_TEAM = F48MGZ2AUR;
				GENERATE_INFOPLIST_FILE = YES;
				INFOPLIST_FILE = PhotoFaceSample/Info.plist;
				INFOPLIST_KEY_UIApplicationSupportsIndirectInputEvents = YES;
				INFOPLIST_KEY_UILaunchStoryboardName = LaunchScreen;
				INFOPLIST_KEY_UIMainStoryboardFile = Main;
				INFOPLIST_KEY_UISupportedInterfaceOrientations_iPad = "UIInterfaceOrientationPortrait UIInterfaceOrientationPortraitUpsideDown UIInterfaceOrientationLandscapeLeft UIInterfaceOrientationLandscapeRight";
				INFOPLIST_KEY_UISupportedInterfaceOrientations_iPhone = "UIInterfaceOrientationPortrait UIInterfaceOrientationLandscapeLeft UIInterfaceOrientationLandscapeRight";
				INFOPLIST_KEY_UISupportsDocumentBrowser = YES;
				LD_RUNPATH_SEARCH_PATHS = (
					"$(inherited)",
					"@executable_path/Frameworks",
				);
				MARKETING_VERSION = 1.0;
				PRODUCT_BUNDLE_IDENTIFIER = tcasablancas.PhotoFaceSample;
				PRODUCT_NAME = "$(TARGET_NAME)";
				SWIFT_EMIT_LOC_STRINGS = YES;
				SWIFT_VERSION = 5.0;
				TARGETED_DEVICE_FAMILY = "1,2";
			};
			name = Release;
		};
		EFB7A0AE293A0C5200C5DFA9 /* Debug */ = {
			isa = XCBuildConfiguration;
			buildSettings = {
				ALWAYS_EMBED_SWIFT_STANDARD_LIBRARIES = YES;
				BUNDLE_LOADER = "$(TEST_HOST)";
				CODE_SIGN_STYLE = Automatic;
				CURRENT_PROJECT_VERSION = 1;
				GENERATE_INFOPLIST_FILE = YES;
				IPHONEOS_DEPLOYMENT_TARGET = 16.0;
				MARKETING_VERSION = 1.0;
				PRODUCT_BUNDLE_IDENTIFIER = tcasablancas.PhotoFaceSampleTests;
				PRODUCT_NAME = "$(TARGET_NAME)";
				SWIFT_EMIT_LOC_STRINGS = NO;
				SWIFT_VERSION = 5.0;
				TARGETED_DEVICE_FAMILY = "1,2";
				TEST_HOST = "$(BUILT_PRODUCTS_DIR)/PhotoFaceSample.app/$(BUNDLE_EXECUTABLE_FOLDER_PATH)/PhotoFaceSample";
			};
			name = Debug;
		};
		EFB7A0AF293A0C5200C5DFA9 /* Release */ = {
			isa = XCBuildConfiguration;
			buildSettings = {
				ALWAYS_EMBED_SWIFT_STANDARD_LIBRARIES = YES;
				BUNDLE_LOADER = "$(TEST_HOST)";
				CODE_SIGN_STYLE = Automatic;
				CURRENT_PROJECT_VERSION = 1;
				GENERATE_INFOPLIST_FILE = YES;
				IPHONEOS_DEPLOYMENT_TARGET = 16.0;
				MARKETING_VERSION = 1.0;
				PRODUCT_BUNDLE_IDENTIFIER = tcasablancas.PhotoFaceSampleTests;
				PRODUCT_NAME = "$(TARGET_NAME)";
				SWIFT_EMIT_LOC_STRINGS = NO;
				SWIFT_VERSION = 5.0;
				TARGETED_DEVICE_FAMILY = "1,2";
				TEST_HOST = "$(BUILT_PRODUCTS_DIR)/PhotoFaceSample.app/$(BUNDLE_EXECUTABLE_FOLDER_PATH)/PhotoFaceSample";
			};
			name = Release;
		};
		EFB7A0B1293A0C5200C5DFA9 /* Debug */ = {
			isa = XCBuildConfiguration;
			buildSettings = {
				ALWAYS_EMBED_SWIFT_STANDARD_LIBRARIES = YES;
				CODE_SIGN_STYLE = Automatic;
				CURRENT_PROJECT_VERSION = 1;
				GENERATE_INFOPLIST_FILE = YES;
				MARKETING_VERSION = 1.0;
				PRODUCT_BUNDLE_IDENTIFIER = tcasablancas.PhotoFaceSampleUITests;
				PRODUCT_NAME = "$(TARGET_NAME)";
				SWIFT_EMIT_LOC_STRINGS = NO;
				SWIFT_VERSION = 5.0;
				TARGETED_DEVICE_FAMILY = "1,2";
				TEST_TARGET_NAME = PhotoFaceSample;
			};
			name = Debug;
		};
		EFB7A0B2293A0C5200C5DFA9 /* Release */ = {
			isa = XCBuildConfiguration;
			buildSettings = {
				ALWAYS_EMBED_SWIFT_STANDARD_LIBRARIES = YES;
				CODE_SIGN_STYLE = Automatic;
				CURRENT_PROJECT_VERSION = 1;
				GENERATE_INFOPLIST_FILE = YES;
				MARKETING_VERSION = 1.0;
				PRODUCT_BUNDLE_IDENTIFIER = tcasablancas.PhotoFaceSampleUITests;
				PRODUCT_NAME = "$(TARGET_NAME)";
				SWIFT_EMIT_LOC_STRINGS = NO;
				SWIFT_VERSION = 5.0;
				TARGETED_DEVICE_FAMILY = "1,2";
				TEST_TARGET_NAME = PhotoFaceSample;
			};
			name = Release;
		};
/* End XCBuildConfiguration section */

/* Begin XCConfigurationList section */
		EFB7A079293A0C5000C5DFA9 /* Build configuration list for PBXProject "PhotoFaceSample" */ = {
			isa = XCConfigurationList;
			buildConfigurations = (
				EFB7A0A8293A0C5200C5DFA9 /* Debug */,
				EFB7A0A9293A0C5200C5DFA9 /* Release */,
			);
			defaultConfigurationIsVisible = 0;
			defaultConfigurationName = Release;
		};
		EFB7A0AA293A0C5200C5DFA9 /* Build configuration list for PBXNativeTarget "PhotoFaceSample" */ = {
			isa = XCConfigurationList;
			buildConfigurations = (
				EFB7A0AB293A0C5200C5DFA9 /* Debug */,
				EFB7A0AC293A0C5200C5DFA9 /* Release */,
			);
			defaultConfigurationIsVisible = 0;
			defaultConfigurationName = Release;
		};
		EFB7A0AD293A0C5200C5DFA9 /* Build configuration list for PBXNativeTarget "PhotoFaceSampleTests" */ = {
			isa = XCConfigurationList;
			buildConfigurations = (
				EFB7A0AE293A0C5200C5DFA9 /* Debug */,
				EFB7A0AF293A0C5200C5DFA9 /* Release */,
			);
			defaultConfigurationIsVisible = 0;
			defaultConfigurationName = Release;
		};
		EFB7A0B0293A0C5200C5DFA9 /* Build configuration list for PBXNativeTarget "PhotoFaceSampleUITests" */ = {
			isa = XCConfigurationList;
			buildConfigurations = (
				EFB7A0B1293A0C5200C5DFA9 /* Debug */,
				EFB7A0B2293A0C5200C5DFA9 /* Release */,
			);
			defaultConfigurationIsVisible = 0;
			defaultConfigurationName = Release;
		};
/* End XCConfigurationList section */
	};
	rootObject = EFB7A076293A0C5000C5DFA9 /* Project object */;
}
